// !$*UTF8*$!
{
	archiveVersion = 1;
	classes = {
	};
	objectVersion = 50;
	objects = {

/* Begin PBXBuildFile section */
		5B3F346C21A99CD900F62253 /* NavigationView.swift in Sources */ = {isa = PBXBuildFile; fileRef = 5B3F346B21A99CD900F62253 /* NavigationView.swift */; };
		5B3F346E21A99CED00F62253 /* NavigationViewAnimation.swift in Sources */ = {isa = PBXBuildFile; fileRef = 5B3F346D21A99CED00F62253 /* NavigationViewAnimation.swift */; };
		5B3F347021A9A74000F62253 /* MainViewController.swift in Sources */ = {isa = PBXBuildFile; fileRef = 5B3F346F21A9A74000F62253 /* MainViewController.swift */; };
		5B3F347221A9A7A300F62253 /* ScrollViewController.swift in Sources */ = {isa = PBXBuildFile; fileRef = 5B3F347121A9A7A300F62253 /* ScrollViewController.swift */; };
		5B3F347421A9A83000F62253 /* ScanViewController.swift in Sources */ = {isa = PBXBuildFile; fileRef = 5B3F347321A9A83000F62253 /* ScanViewController.swift */; };
		5B3F347621A9A89200F62253 /* ProfileViewController.swift in Sources */ = {isa = PBXBuildFile; fileRef = 5B3F347521A9A89200F62253 /* ProfileViewController.swift */; };
		5B3F347821A9A8B900F62253 /* IntakeViewController.swift in Sources */ = {isa = PBXBuildFile; fileRef = 5B3F347721A9A8B900F62253 /* IntakeViewController.swift */; };
		5B3F347A21A9A9B700F62253 /* LensViewController.swift in Sources */ = {isa = PBXBuildFile; fileRef = 5B3F347921A9A9B700F62253 /* LensViewController.swift */; };
		5B3F347C21A9BA2F00F62253 /* Protocols.swift in Sources */ = {isa = PBXBuildFile; fileRef = 5B3F347B21A9BA2F00F62253 /* Protocols.swift */; };
		9CC7DD14706767D8C60D1394 /* Pods_iDiet.framework in Frameworks */ = {isa = PBXBuildFile; fileRef = 4188EE018A127CCF8A1FD6BA /* Pods_iDiet.framework */; };
		E05B2C6C21A9778B0017D8B4 /* AppDelegate.swift in Sources */ = {isa = PBXBuildFile; fileRef = E05B2C6B21A9778B0017D8B4 /* AppDelegate.swift */; };
		E05B2C6E21A9778B0017D8B4 /* ViewController.swift in Sources */ = {isa = PBXBuildFile; fileRef = E05B2C6D21A9778B0017D8B4 /* ViewController.swift */; };
		E05B2C7121A9778B0017D8B4 /* Main.storyboard in Resources */ = {isa = PBXBuildFile; fileRef = E05B2C6F21A9778B0017D8B4 /* Main.storyboard */; };
		E05B2C7321A9778C0017D8B4 /* Assets.xcassets in Resources */ = {isa = PBXBuildFile; fileRef = E05B2C7221A9778C0017D8B4 /* Assets.xcassets */; };
		E05B2C7621A9778C0017D8B4 /* LaunchScreen.storyboard in Resources */ = {isa = PBXBuildFile; fileRef = E05B2C7421A9778C0017D8B4 /* LaunchScreen.storyboard */; };
		E05B2C8121A9778C0017D8B4 /* iDietTests.swift in Sources */ = {isa = PBXBuildFile; fileRef = E05B2C8021A9778C0017D8B4 /* iDietTests.swift */; };
		E05B2C8C21A9778C0017D8B4 /* iDietUITests.swift in Sources */ = {isa = PBXBuildFile; fileRef = E05B2C8B21A9778C0017D8B4 /* iDietUITests.swift */; };
		E098C2C221A9797500ECDE40 /* LoginViewController.swift in Sources */ = {isa = PBXBuildFile; fileRef = E098C2C121A9797500ECDE40 /* LoginViewController.swift */; };
		E098C2C621A97B8000ECDE40 /* Anchor Extensions.swift in Sources */ = {isa = PBXBuildFile; fileRef = E098C2C521A97B8000ECDE40 /* Anchor Extensions.swift */; };
		E098C2C821A9856000ECDE40 /* RegisterViewController.swift in Sources */ = {isa = PBXBuildFile; fileRef = E098C2C721A9856000ECDE40 /* RegisterViewController.swift */; };
		E098C2CA21A98A9100ECDE40 /* GoogleService-Info.plist in Resources */ = {isa = PBXBuildFile; fileRef = E098C2C921A98A9100ECDE40 /* GoogleService-Info.plist */; };
		E098C2CC21A9904E00ECDE40 /* CaptureViewController.swift in Sources */ = {isa = PBXBuildFile; fileRef = E098C2CB21A9904E00ECDE40 /* CaptureViewController.swift */; };
		E098C2CE21A996C500ECDE40 /* Inceptionv3.mlmodel in Sources */ = {isa = PBXBuildFile; fileRef = E098C2CD21A996C500ECDE40 /* Inceptionv3.mlmodel */; };
		E0D6ECA321AA184D008DE95E /* Extensions.swift in Sources */ = {isa = PBXBuildFile; fileRef = E0D6ECA221AA184D008DE95E /* Extensions.swift */; };
		E0D6ECA521AA2110008DE95E /* CurrentUser.swift in Sources */ = {isa = PBXBuildFile; fileRef = E0D6ECA421AA2110008DE95E /* CurrentUser.swift */; };
		F85B1AEAC585779978F148A7 /* Pods_iDietUITests.framework in Frameworks */ = {isa = PBXBuildFile; fileRef = 86985581E6B49DF7879D7D4B /* Pods_iDietUITests.framework */; };
		FAA9CE689D89DF61679E9D4A /* Pods_iDietTests.framework in Frameworks */ = {isa = PBXBuildFile; fileRef = DECEE2DEA73A27EFBFFE8308 /* Pods_iDietTests.framework */; };
/* End PBXBuildFile section */

/* Begin PBXContainerItemProxy section */
		E05B2C7D21A9778C0017D8B4 /* PBXContainerItemProxy */ = {
			isa = PBXContainerItemProxy;
			containerPortal = E05B2C6021A9778B0017D8B4 /* Project object */;
			proxyType = 1;
			remoteGlobalIDString = E05B2C6721A9778B0017D8B4;
			remoteInfo = iDiet;
		};
		E05B2C8821A9778C0017D8B4 /* PBXContainerItemProxy */ = {
			isa = PBXContainerItemProxy;
			containerPortal = E05B2C6021A9778B0017D8B4 /* Project object */;
			proxyType = 1;
			remoteGlobalIDString = E05B2C6721A9778B0017D8B4;
			remoteInfo = iDiet;
		};
/* End PBXContainerItemProxy section */

/* Begin PBXFileReference section */
		31BDE4611D714BC4E04C5968 /* Pods-iDiet.debug.xcconfig */ = {isa = PBXFileReference; includeInIndex = 1; lastKnownFileType = text.xcconfig; name = "Pods-iDiet.debug.xcconfig"; path = "Pods/Target Support Files/Pods-iDiet/Pods-iDiet.debug.xcconfig"; sourceTree = "<group>"; };
		3E2756B7FA8CE3E2A5354C93 /* Pods-iDietTests.debug.xcconfig */ = {isa = PBXFileReference; includeInIndex = 1; lastKnownFileType = text.xcconfig; name = "Pods-iDietTests.debug.xcconfig"; path = "Pods/Target Support Files/Pods-iDietTests/Pods-iDietTests.debug.xcconfig"; sourceTree = "<group>"; };
		4188EE018A127CCF8A1FD6BA /* Pods_iDiet.framework */ = {isa = PBXFileReference; explicitFileType = wrapper.framework; includeInIndex = 0; path = Pods_iDiet.framework; sourceTree = BUILT_PRODUCTS_DIR; };
		5AC6C74603F3D96144E69A70 /* Pods-iDietTests.release.xcconfig */ = {isa = PBXFileReference; includeInIndex = 1; lastKnownFileType = text.xcconfig; name = "Pods-iDietTests.release.xcconfig"; path = "Pods/Target Support Files/Pods-iDietTests/Pods-iDietTests.release.xcconfig"; sourceTree = "<group>"; };
		5B3F346B21A99CD900F62253 /* NavigationView.swift */ = {isa = PBXFileReference; lastKnownFileType = sourcecode.swift; path = NavigationView.swift; sourceTree = "<group>"; };
		5B3F346D21A99CED00F62253 /* NavigationViewAnimation.swift */ = {isa = PBXFileReference; lastKnownFileType = sourcecode.swift; path = NavigationViewAnimation.swift; sourceTree = "<group>"; };
		5B3F346F21A9A74000F62253 /* MainViewController.swift */ = {isa = PBXFileReference; lastKnownFileType = sourcecode.swift; path = MainViewController.swift; sourceTree = "<group>"; };
		5B3F347121A9A7A300F62253 /* ScrollViewController.swift */ = {isa = PBXFileReference; lastKnownFileType = sourcecode.swift; path = ScrollViewController.swift; sourceTree = "<group>"; };
		5B3F347321A9A83000F62253 /* ScanViewController.swift */ = {isa = PBXFileReference; lastKnownFileType = sourcecode.swift; path = ScanViewController.swift; sourceTree = "<group>"; };
		5B3F347521A9A89200F62253 /* ProfileViewController.swift */ = {isa = PBXFileReference; lastKnownFileType = sourcecode.swift; path = ProfileViewController.swift; sourceTree = "<group>"; };
		5B3F347721A9A8B900F62253 /* IntakeViewController.swift */ = {isa = PBXFileReference; lastKnownFileType = sourcecode.swift; path = IntakeViewController.swift; sourceTree = "<group>"; };
		5B3F347921A9A9B700F62253 /* LensViewController.swift */ = {isa = PBXFileReference; lastKnownFileType = sourcecode.swift; path = LensViewController.swift; sourceTree = "<group>"; };
		5B3F347B21A9BA2F00F62253 /* Protocols.swift */ = {isa = PBXFileReference; lastKnownFileType = sourcecode.swift; path = Protocols.swift; sourceTree = "<group>"; };
		644DF95E23F4D546FC610AEB /* Pods-iDietUITests.debug.xcconfig */ = {isa = PBXFileReference; includeInIndex = 1; lastKnownFileType = text.xcconfig; name = "Pods-iDietUITests.debug.xcconfig"; path = "Pods/Target Support Files/Pods-iDietUITests/Pods-iDietUITests.debug.xcconfig"; sourceTree = "<group>"; };
		86985581E6B49DF7879D7D4B /* Pods_iDietUITests.framework */ = {isa = PBXFileReference; explicitFileType = wrapper.framework; includeInIndex = 0; path = Pods_iDietUITests.framework; sourceTree = BUILT_PRODUCTS_DIR; };
		939C87874E50CE89C6C7D9DA /* Pods-iDietUITests.release.xcconfig */ = {isa = PBXFileReference; includeInIndex = 1; lastKnownFileType = text.xcconfig; name = "Pods-iDietUITests.release.xcconfig"; path = "Pods/Target Support Files/Pods-iDietUITests/Pods-iDietUITests.release.xcconfig"; sourceTree = "<group>"; };
		DECEE2DEA73A27EFBFFE8308 /* Pods_iDietTests.framework */ = {isa = PBXFileReference; explicitFileType = wrapper.framework; includeInIndex = 0; path = Pods_iDietTests.framework; sourceTree = BUILT_PRODUCTS_DIR; };
		E05B2C6821A9778B0017D8B4 /* iDiet.app */ = {isa = PBXFileReference; explicitFileType = wrapper.application; includeInIndex = 0; path = iDiet.app; sourceTree = BUILT_PRODUCTS_DIR; };
		E05B2C6B21A9778B0017D8B4 /* AppDelegate.swift */ = {isa = PBXFileReference; lastKnownFileType = sourcecode.swift; path = AppDelegate.swift; sourceTree = "<group>"; };
		E05B2C6D21A9778B0017D8B4 /* ViewController.swift */ = {isa = PBXFileReference; lastKnownFileType = sourcecode.swift; path = ViewController.swift; sourceTree = "<group>"; };
		E05B2C7021A9778B0017D8B4 /* Base */ = {isa = PBXFileReference; lastKnownFileType = file.storyboard; name = Base; path = Base.lproj/Main.storyboard; sourceTree = "<group>"; };
		E05B2C7221A9778C0017D8B4 /* Assets.xcassets */ = {isa = PBXFileReference; lastKnownFileType = folder.assetcatalog; path = Assets.xcassets; sourceTree = "<group>"; };
		E05B2C7521A9778C0017D8B4 /* Base */ = {isa = PBXFileReference; lastKnownFileType = file.storyboard; name = Base; path = Base.lproj/LaunchScreen.storyboard; sourceTree = "<group>"; };
		E05B2C7721A9778C0017D8B4 /* Info.plist */ = {isa = PBXFileReference; lastKnownFileType = text.plist.xml; path = Info.plist; sourceTree = "<group>"; };
		E05B2C7C21A9778C0017D8B4 /* iDietTests.xctest */ = {isa = PBXFileReference; explicitFileType = wrapper.cfbundle; includeInIndex = 0; path = iDietTests.xctest; sourceTree = BUILT_PRODUCTS_DIR; };
		E05B2C8021A9778C0017D8B4 /* iDietTests.swift */ = {isa = PBXFileReference; lastKnownFileType = sourcecode.swift; path = iDietTests.swift; sourceTree = "<group>"; };
		E05B2C8221A9778C0017D8B4 /* Info.plist */ = {isa = PBXFileReference; lastKnownFileType = text.plist.xml; path = Info.plist; sourceTree = "<group>"; };
		E05B2C8721A9778C0017D8B4 /* iDietUITests.xctest */ = {isa = PBXFileReference; explicitFileType = wrapper.cfbundle; includeInIndex = 0; path = iDietUITests.xctest; sourceTree = BUILT_PRODUCTS_DIR; };
		E05B2C8B21A9778C0017D8B4 /* iDietUITests.swift */ = {isa = PBXFileReference; lastKnownFileType = sourcecode.swift; path = iDietUITests.swift; sourceTree = "<group>"; };
		E05B2C8D21A9778C0017D8B4 /* Info.plist */ = {isa = PBXFileReference; lastKnownFileType = text.plist.xml; path = Info.plist; sourceTree = "<group>"; };
		E098C2C121A9797500ECDE40 /* LoginViewController.swift */ = {isa = PBXFileReference; lastKnownFileType = sourcecode.swift; path = LoginViewController.swift; sourceTree = "<group>"; };
		E098C2C521A97B8000ECDE40 /* Anchor Extensions.swift */ = {isa = PBXFileReference; lastKnownFileType = sourcecode.swift; path = "Anchor Extensions.swift"; sourceTree = "<group>"; };
		E098C2C721A9856000ECDE40 /* RegisterViewController.swift */ = {isa = PBXFileReference; lastKnownFileType = sourcecode.swift; path = RegisterViewController.swift; sourceTree = "<group>"; };
		E098C2C921A98A9100ECDE40 /* GoogleService-Info.plist */ = {isa = PBXFileReference; fileEncoding = 4; lastKnownFileType = text.plist.xml; path = "GoogleService-Info.plist"; sourceTree = "<group>"; };
		E098C2CB21A9904E00ECDE40 /* CaptureViewController.swift */ = {isa = PBXFileReference; lastKnownFileType = sourcecode.swift; path = CaptureViewController.swift; sourceTree = "<group>"; };
		E098C2CD21A996C500ECDE40 /* Inceptionv3.mlmodel */ = {isa = PBXFileReference; lastKnownFileType = file.mlmodel; path = Inceptionv3.mlmodel; sourceTree = "<group>"; };
		E0D6ECA221AA184D008DE95E /* Extensions.swift */ = {isa = PBXFileReference; lastKnownFileType = sourcecode.swift; path = Extensions.swift; sourceTree = "<group>"; };
		E0D6ECA421AA2110008DE95E /* CurrentUser.swift */ = {isa = PBXFileReference; lastKnownFileType = sourcecode.swift; path = CurrentUser.swift; sourceTree = "<group>"; };
		FC544FED9E170D085844BBD8 /* Pods-iDiet.release.xcconfig */ = {isa = PBXFileReference; includeInIndex = 1; lastKnownFileType = text.xcconfig; name = "Pods-iDiet.release.xcconfig"; path = "Pods/Target Support Files/Pods-iDiet/Pods-iDiet.release.xcconfig"; sourceTree = "<group>"; };
/* End PBXFileReference section */

/* Begin PBXFrameworksBuildPhase section */
		E05B2C6521A9778B0017D8B4 /* Frameworks */ = {
			isa = PBXFrameworksBuildPhase;
			buildActionMask = 2147483647;
			files = (
				9CC7DD14706767D8C60D1394 /* Pods_iDiet.framework in Frameworks */,
			);
			runOnlyForDeploymentPostprocessing = 0;
		};
		E05B2C7921A9778C0017D8B4 /* Frameworks */ = {
			isa = PBXFrameworksBuildPhase;
			buildActionMask = 2147483647;
			files = (
				FAA9CE689D89DF61679E9D4A /* Pods_iDietTests.framework in Frameworks */,
			);
			runOnlyForDeploymentPostprocessing = 0;
		};
		E05B2C8421A9778C0017D8B4 /* Frameworks */ = {
			isa = PBXFrameworksBuildPhase;
			buildActionMask = 2147483647;
			files = (
				F85B1AEAC585779978F148A7 /* Pods_iDietUITests.framework in Frameworks */,
			);
			runOnlyForDeploymentPostprocessing = 0;
		};
/* End PBXFrameworksBuildPhase section */

/* Begin PBXGroup section */
		3DACB3A10CED100072D0FB5E /* Frameworks */ = {
			isa = PBXGroup;
			children = (
				4188EE018A127CCF8A1FD6BA /* Pods_iDiet.framework */,
				DECEE2DEA73A27EFBFFE8308 /* Pods_iDietTests.framework */,
				86985581E6B49DF7879D7D4B /* Pods_iDietUITests.framework */,
			);
			name = Frameworks;
			sourceTree = "<group>";
		};
		5B3F346521A99A2800F62253 /* Controller */ = {
			isa = PBXGroup;
			children = (
				5B3F346821A99A4D00F62253 /* Navigation */,
				E05B2C6D21A9778B0017D8B4 /* ViewController.swift */,
				E098C2C121A9797500ECDE40 /* LoginViewController.swift */,
				E098C2C721A9856000ECDE40 /* RegisterViewController.swift */,
				E098C2CB21A9904E00ECDE40 /* CaptureViewController.swift */,
				5B3F346F21A9A74000F62253 /* MainViewController.swift */,
				5B3F347121A9A7A300F62253 /* ScrollViewController.swift */,
				5B3F347321A9A83000F62253 /* ScanViewController.swift */,
				5B3F347521A9A89200F62253 /* ProfileViewController.swift */,
				5B3F347721A9A8B900F62253 /* IntakeViewController.swift */,
				5B3F347921A9A9B700F62253 /* LensViewController.swift */,
			);
			path = Controller;
			sourceTree = "<group>";
		};
		5B3F346621A99A3600F62253 /* View */ = {
			isa = PBXGroup;
			children = (
				E05B2C6F21A9778B0017D8B4 /* Main.storyboard */,
				E05B2C7421A9778C0017D8B4 /* LaunchScreen.storyboard */,
			);
			path = View;
			sourceTree = "<group>";
		};
		5B3F346721A99A4300F62253 /* Model */ = {
			isa = PBXGroup;
			children = (
				E098C2CD21A996C500ECDE40 /* Inceptionv3.mlmodel */,
				E0D6ECA421AA2110008DE95E /* CurrentUser.swift */,
			);
			path = Model;
			sourceTree = "<group>";
		};
		5B3F346821A99A4D00F62253 /* Navigation */ = {
			isa = PBXGroup;
			children = (
				5B3F346B21A99CD900F62253 /* NavigationView.swift */,
				5B3F346D21A99CED00F62253 /* NavigationViewAnimation.swift */,
			);
			path = Navigation;
			sourceTree = "<group>";
		};
		AD6C720B2FA57BF1BB89A2A6 /* Pods */ = {
			isa = PBXGroup;
			children = (
				31BDE4611D714BC4E04C5968 /* Pods-iDiet.debug.xcconfig */,
				FC544FED9E170D085844BBD8 /* Pods-iDiet.release.xcconfig */,
				3E2756B7FA8CE3E2A5354C93 /* Pods-iDietTests.debug.xcconfig */,
				5AC6C74603F3D96144E69A70 /* Pods-iDietTests.release.xcconfig */,
				644DF95E23F4D546FC610AEB /* Pods-iDietUITests.debug.xcconfig */,
				939C87874E50CE89C6C7D9DA /* Pods-iDietUITests.release.xcconfig */,
			);
			name = Pods;
			sourceTree = "<group>";
		};
		E05B2C5F21A9778B0017D8B4 = {
			isa = PBXGroup;
			children = (
				E05B2C6A21A9778B0017D8B4 /* iDiet */,
				E05B2C7F21A9778C0017D8B4 /* iDietTests */,
				E05B2C8A21A9778C0017D8B4 /* iDietUITests */,
				E05B2C6921A9778B0017D8B4 /* Products */,
				AD6C720B2FA57BF1BB89A2A6 /* Pods */,
				3DACB3A10CED100072D0FB5E /* Frameworks */,
			);
			sourceTree = "<group>";
		};
		E05B2C6921A9778B0017D8B4 /* Products */ = {
			isa = PBXGroup;
			children = (
				E05B2C6821A9778B0017D8B4 /* iDiet.app */,
				E05B2C7C21A9778C0017D8B4 /* iDietTests.xctest */,
				E05B2C8721A9778C0017D8B4 /* iDietUITests.xctest */,
			);
			name = Products;
			sourceTree = "<group>";
		};
		E05B2C6A21A9778B0017D8B4 /* iDiet */ = {
			isa = PBXGroup;
			children = (
				5B3F346721A99A4300F62253 /* Model */,
				5B3F346621A99A3600F62253 /* View */,
				5B3F346521A99A2800F62253 /* Controller */,
				E098C2C321A97B5F00ECDE40 /* Extensions */,
				E05B2C6B21A9778B0017D8B4 /* AppDelegate.swift */,
				E05B2C7221A9778C0017D8B4 /* Assets.xcassets */,
				E05B2C7721A9778C0017D8B4 /* Info.plist */,
				E098C2C921A98A9100ECDE40 /* GoogleService-Info.plist */,
			);
			path = iDiet;
			sourceTree = "<group>";
		};
		E05B2C7F21A9778C0017D8B4 /* iDietTests */ = {
			isa = PBXGroup;
			children = (
				E05B2C8021A9778C0017D8B4 /* iDietTests.swift */,
				E05B2C8221A9778C0017D8B4 /* Info.plist */,
			);
			path = iDietTests;
			sourceTree = "<group>";
		};
		E05B2C8A21A9778C0017D8B4 /* iDietUITests */ = {
			isa = PBXGroup;
			children = (
				E05B2C8B21A9778C0017D8B4 /* iDietUITests.swift */,
				E05B2C8D21A9778C0017D8B4 /* Info.plist */,
			);
			path = iDietUITests;
			sourceTree = "<group>";
		};
		E098C2C321A97B5F00ECDE40 /* Extensions */ = {
			isa = PBXGroup;
			children = (
				E098C2C521A97B8000ECDE40 /* Anchor Extensions.swift */,
				5B3F347B21A9BA2F00F62253 /* Protocols.swift */,
				E0D6ECA221AA184D008DE95E /* Extensions.swift */,
			);
			path = Extensions;
			sourceTree = "<group>";
		};
/* End PBXGroup section */

/* Begin PBXNativeTarget section */
		E05B2C6721A9778B0017D8B4 /* iDiet */ = {
			isa = PBXNativeTarget;
			buildConfigurationList = E05B2C9021A9778C0017D8B4 /* Build configuration list for PBXNativeTarget "iDiet" */;
			buildPhases = (
				171C4E6BE5815318F7BCA68B /* [CP] Check Pods Manifest.lock */,
				E05B2C6421A9778B0017D8B4 /* Sources */,
				E05B2C6521A9778B0017D8B4 /* Frameworks */,
				E05B2C6621A9778B0017D8B4 /* Resources */,
				7E25DF88DEA0991D812FF3E5 /* [CP] Embed Pods Frameworks */,
			);
			buildRules = (
			);
			dependencies = (
			);
			name = iDiet;
			productName = iDiet;
			productReference = E05B2C6821A9778B0017D8B4 /* iDiet.app */;
			productType = "com.apple.product-type.application";
		};
		E05B2C7B21A9778C0017D8B4 /* iDietTests */ = {
			isa = PBXNativeTarget;
			buildConfigurationList = E05B2C9321A9778C0017D8B4 /* Build configuration list for PBXNativeTarget "iDietTests" */;
			buildPhases = (
				23572FEECC3E39CC505394DD /* [CP] Check Pods Manifest.lock */,
				E05B2C7821A9778C0017D8B4 /* Sources */,
				E05B2C7921A9778C0017D8B4 /* Frameworks */,
				E05B2C7A21A9778C0017D8B4 /* Resources */,
			);
			buildRules = (
			);
			dependencies = (
				E05B2C7E21A9778C0017D8B4 /* PBXTargetDependency */,
			);
			name = iDietTests;
			productName = iDietTests;
			productReference = E05B2C7C21A9778C0017D8B4 /* iDietTests.xctest */;
			productType = "com.apple.product-type.bundle.unit-test";
		};
		E05B2C8621A9778C0017D8B4 /* iDietUITests */ = {
			isa = PBXNativeTarget;
			buildConfigurationList = E05B2C9621A9778C0017D8B4 /* Build configuration list for PBXNativeTarget "iDietUITests" */;
			buildPhases = (
				6710B3BDBFF89D5526E91C5F /* [CP] Check Pods Manifest.lock */,
				E05B2C8321A9778C0017D8B4 /* Sources */,
				E05B2C8421A9778C0017D8B4 /* Frameworks */,
				E05B2C8521A9778C0017D8B4 /* Resources */,
			);
			buildRules = (
			);
			dependencies = (
				E05B2C8921A9778C0017D8B4 /* PBXTargetDependency */,
			);
			name = iDietUITests;
			productName = iDietUITests;
			productReference = E05B2C8721A9778C0017D8B4 /* iDietUITests.xctest */;
			productType = "com.apple.product-type.bundle.ui-testing";
		};
/* End PBXNativeTarget section */

/* Begin PBXProject section */
		E05B2C6021A9778B0017D8B4 /* Project object */ = {
			isa = PBXProject;
			attributes = {
				LastSwiftUpdateCheck = 1000;
				LastUpgradeCheck = 1000;
				ORGANIZATIONNAME = "Ahmad Karkouti";
				TargetAttributes = {
					E05B2C6721A9778B0017D8B4 = {
						CreatedOnToolsVersion = 10.0;
					};
					E05B2C7B21A9778C0017D8B4 = {
						CreatedOnToolsVersion = 10.0;
						TestTargetID = E05B2C6721A9778B0017D8B4;
					};
					E05B2C8621A9778C0017D8B4 = {
						CreatedOnToolsVersion = 10.0;
						TestTargetID = E05B2C6721A9778B0017D8B4;
					};
				};
			};
			buildConfigurationList = E05B2C6321A9778B0017D8B4 /* Build configuration list for PBXProject "iDiet" */;
			compatibilityVersion = "Xcode 9.3";
			developmentRegion = en;
			hasScannedForEncodings = 0;
			knownRegions = (
				en,
				Base,
			);
			mainGroup = E05B2C5F21A9778B0017D8B4;
			productRefGroup = E05B2C6921A9778B0017D8B4 /* Products */;
			projectDirPath = "";
			projectRoot = "";
			targets = (
				E05B2C6721A9778B0017D8B4 /* iDiet */,
				E05B2C7B21A9778C0017D8B4 /* iDietTests */,
				E05B2C8621A9778C0017D8B4 /* iDietUITests */,
			);
		};
/* End PBXProject section */

/* Begin PBXResourcesBuildPhase section */
		E05B2C6621A9778B0017D8B4 /* Resources */ = {
			isa = PBXResourcesBuildPhase;
			buildActionMask = 2147483647;
			files = (
				E05B2C7621A9778C0017D8B4 /* LaunchScreen.storyboard in Resources */,
				E098C2CA21A98A9100ECDE40 /* GoogleService-Info.plist in Resources */,
				E05B2C7321A9778C0017D8B4 /* Assets.xcassets in Resources */,
				E05B2C7121A9778B0017D8B4 /* Main.storyboard in Resources */,
			);
			runOnlyForDeploymentPostprocessing = 0;
		};
		E05B2C7A21A9778C0017D8B4 /* Resources */ = {
			isa = PBXResourcesBuildPhase;
			buildActionMask = 2147483647;
			files = (
			);
			runOnlyForDeploymentPostprocessing = 0;
		};
		E05B2C8521A9778C0017D8B4 /* Resources */ = {
			isa = PBXResourcesBuildPhase;
			buildActionMask = 2147483647;
			files = (
			);
			runOnlyForDeploymentPostprocessing = 0;
		};
/* End PBXResourcesBuildPhase section */

/* Begin PBXShellScriptBuildPhase section */
		171C4E6BE5815318F7BCA68B /* [CP] Check Pods Manifest.lock */ = {
			isa = PBXShellScriptBuildPhase;
			buildActionMask = 2147483647;
			files = (
			);
			inputPaths = (
				"${PODS_PODFILE_DIR_PATH}/Podfile.lock",
				"${PODS_ROOT}/Manifest.lock",
			);
			name = "[CP] Check Pods Manifest.lock";
			outputPaths = (
				"$(DERIVED_FILE_DIR)/Pods-iDiet-checkManifestLockResult.txt",
			);
			runOnlyForDeploymentPostprocessing = 0;
			shellPath = /bin/sh;
			shellScript = "diff \"${PODS_PODFILE_DIR_PATH}/Podfile.lock\" \"${PODS_ROOT}/Manifest.lock\" > /dev/null\nif [ $? != 0 ] ; then\n    # print error to STDERR\n    echo \"error: The sandbox is not in sync with the Podfile.lock. Run 'pod install' or update your CocoaPods installation.\" >&2\n    exit 1\nfi\n# This output is used by Xcode 'outputs' to avoid re-running this script phase.\necho \"SUCCESS\" > \"${SCRIPT_OUTPUT_FILE_0}\"\n";
			showEnvVarsInLog = 0;
		};
		23572FEECC3E39CC505394DD /* [CP] Check Pods Manifest.lock */ = {
			isa = PBXShellScriptBuildPhase;
			buildActionMask = 2147483647;
			files = (
			);
			inputPaths = (
				"${PODS_PODFILE_DIR_PATH}/Podfile.lock",
				"${PODS_ROOT}/Manifest.lock",
			);
			name = "[CP] Check Pods Manifest.lock";
			outputPaths = (
				"$(DERIVED_FILE_DIR)/Pods-iDietTests-checkManifestLockResult.txt",
			);
			runOnlyForDeploymentPostprocessing = 0;
			shellPath = /bin/sh;
			shellScript = "diff \"${PODS_PODFILE_DIR_PATH}/Podfile.lock\" \"${PODS_ROOT}/Manifest.lock\" > /dev/null\nif [ $? != 0 ] ; then\n    # print error to STDERR\n    echo \"error: The sandbox is not in sync with the Podfile.lock. Run 'pod install' or update your CocoaPods installation.\" >&2\n    exit 1\nfi\n# This output is used by Xcode 'outputs' to avoid re-running this script phase.\necho \"SUCCESS\" > \"${SCRIPT_OUTPUT_FILE_0}\"\n";
			showEnvVarsInLog = 0;
		};
		6710B3BDBFF89D5526E91C5F /* [CP] Check Pods Manifest.lock */ = {
			isa = PBXShellScriptBuildPhase;
			buildActionMask = 2147483647;
			files = (
			);
			inputPaths = (
				"${PODS_PODFILE_DIR_PATH}/Podfile.lock",
				"${PODS_ROOT}/Manifest.lock",
			);
			name = "[CP] Check Pods Manifest.lock";
			outputPaths = (
				"$(DERIVED_FILE_DIR)/Pods-iDietUITests-checkManifestLockResult.txt",
			);
			runOnlyForDeploymentPostprocessing = 0;
			shellPath = /bin/sh;
			shellScript = "diff \"${PODS_PODFILE_DIR_PATH}/Podfile.lock\" \"${PODS_ROOT}/Manifest.lock\" > /dev/null\nif [ $? != 0 ] ; then\n    # print error to STDERR\n    echo \"error: The sandbox is not in sync with the Podfile.lock. Run 'pod install' or update your CocoaPods installation.\" >&2\n    exit 1\nfi\n# This output is used by Xcode 'outputs' to avoid re-running this script phase.\necho \"SUCCESS\" > \"${SCRIPT_OUTPUT_FILE_0}\"\n";
			showEnvVarsInLog = 0;
		};
		7E25DF88DEA0991D812FF3E5 /* [CP] Embed Pods Frameworks */ = {
			isa = PBXShellScriptBuildPhase;
			buildActionMask = 2147483647;
			files = (
			);
			inputPaths = (
				"${SRCROOT}/Pods/Target Support Files/Pods-iDiet/Pods-iDiet-frameworks.sh",
				"${BUILT_PRODUCTS_DIR}/GTMSessionFetcher/GTMSessionFetcher.framework",
				"${BUILT_PRODUCTS_DIR}/GoogleUtilities/GoogleUtilities.framework",
				"${BUILT_PRODUCTS_DIR}/Kingfisher/Kingfisher.framework",
				"${BUILT_PRODUCTS_DIR}/MKRingProgressView/MKRingProgressView.framework",
				"${BUILT_PRODUCTS_DIR}/leveldb-library/leveldb.framework",
				"${BUILT_PRODUCTS_DIR}/nanopb/nanopb.framework",
			);
			name = "[CP] Embed Pods Frameworks";
			outputPaths = (
				"${TARGET_BUILD_DIR}/${FRAMEWORKS_FOLDER_PATH}/GTMSessionFetcher.framework",
				"${TARGET_BUILD_DIR}/${FRAMEWORKS_FOLDER_PATH}/GoogleUtilities.framework",
				"${TARGET_BUILD_DIR}/${FRAMEWORKS_FOLDER_PATH}/Kingfisher.framework",
				"${TARGET_BUILD_DIR}/${FRAMEWORKS_FOLDER_PATH}/MKRingProgressView.framework",
				"${TARGET_BUILD_DIR}/${FRAMEWORKS_FOLDER_PATH}/leveldb.framework",
				"${TARGET_BUILD_DIR}/${FRAMEWORKS_FOLDER_PATH}/nanopb.framework",
			);
			runOnlyForDeploymentPostprocessing = 0;
			shellPath = /bin/sh;
			shellScript = "\"${SRCROOT}/Pods/Target Support Files/Pods-iDiet/Pods-iDiet-frameworks.sh\"\n";
			showEnvVarsInLog = 0;
		};
/* End PBXShellScriptBuildPhase section */

/* Begin PBXSourcesBuildPhase section */
		E05B2C6421A9778B0017D8B4 /* Sources */ = {
			isa = PBXSourcesBuildPhase;
			buildActionMask = 2147483647;
			files = (
				5B3F347821A9A8B900F62253 /* IntakeViewController.swift in Sources */,
				E0D6ECA321AA184D008DE95E /* Extensions.swift in Sources */,
				E098C2C221A9797500ECDE40 /* LoginViewController.swift in Sources */,
				5B3F347021A9A74000F62253 /* MainViewController.swift in Sources */,
				E0D6ECA521AA2110008DE95E /* CurrentUser.swift in Sources */,
				5B3F346C21A99CD900F62253 /* NavigationView.swift in Sources */,
				E098C2CC21A9904E00ECDE40 /* CaptureViewController.swift in Sources */,
				5B3F347621A9A89200F62253 /* ProfileViewController.swift in Sources */,
				5B3F347421A9A83000F62253 /* ScanViewController.swift in Sources */,
				E098C2C821A9856000ECDE40 /* RegisterViewController.swift in Sources */,
				E098C2C621A97B8000ECDE40 /* Anchor Extensions.swift in Sources */,
				5B3F346E21A99CED00F62253 /* NavigationViewAnimation.swift in Sources */,
				5B3F347221A9A7A300F62253 /* ScrollViewController.swift in Sources */,
				E05B2C6E21A9778B0017D8B4 /* ViewController.swift in Sources */,
				5B3F347A21A9A9B700F62253 /* LensViewController.swift in Sources */,
				E05B2C6C21A9778B0017D8B4 /* AppDelegate.swift in Sources */,
				5B3F347C21A9BA2F00F62253 /* Protocols.swift in Sources */,
				E098C2CE21A996C500ECDE40 /* Inceptionv3.mlmodel in Sources */,
			);
			runOnlyForDeploymentPostprocessing = 0;
		};
		E05B2C7821A9778C0017D8B4 /* Sources */ = {
			isa = PBXSourcesBuildPhase;
			buildActionMask = 2147483647;
			files = (
				E05B2C8121A9778C0017D8B4 /* iDietTests.swift in Sources */,
			);
			runOnlyForDeploymentPostprocessing = 0;
		};
		E05B2C8321A9778C0017D8B4 /* Sources */ = {
			isa = PBXSourcesBuildPhase;
			buildActionMask = 2147483647;
			files = (
				E05B2C8C21A9778C0017D8B4 /* iDietUITests.swift in Sources */,
			);
			runOnlyForDeploymentPostprocessing = 0;
		};
/* End PBXSourcesBuildPhase section */

/* Begin PBXTargetDependency section */
		E05B2C7E21A9778C0017D8B4 /* PBXTargetDependency */ = {
			isa = PBXTargetDependency;
			target = E05B2C6721A9778B0017D8B4 /* iDiet */;
			targetProxy = E05B2C7D21A9778C0017D8B4 /* PBXContainerItemProxy */;
		};
		E05B2C8921A9778C0017D8B4 /* PBXTargetDependency */ = {
			isa = PBXTargetDependency;
			target = E05B2C6721A9778B0017D8B4 /* iDiet */;
			targetProxy = E05B2C8821A9778C0017D8B4 /* PBXContainerItemProxy */;
		};
/* End PBXTargetDependency section */

/* Begin PBXVariantGroup section */
		E05B2C6F21A9778B0017D8B4 /* Main.storyboard */ = {
			isa = PBXVariantGroup;
			children = (
				E05B2C7021A9778B0017D8B4 /* Base */,
			);
			name = Main.storyboard;
			sourceTree = "<group>";
		};
		E05B2C7421A9778C0017D8B4 /* LaunchScreen.storyboard */ = {
			isa = PBXVariantGroup;
			children = (
				E05B2C7521A9778C0017D8B4 /* Base */,
			);
			name = LaunchScreen.storyboard;
			sourceTree = "<group>";
		};
/* End PBXVariantGroup section */

/* Begin XCBuildConfiguration section */
		E05B2C8E21A9778C0017D8B4 /* Debug */ = {
			isa = XCBuildConfiguration;
			buildSettings = {
				ALWAYS_SEARCH_USER_PATHS = NO;
				CLANG_ANALYZER_NONNULL = YES;
				CLANG_ANALYZER_NUMBER_OBJECT_CONVERSION = YES_AGGRESSIVE;
				CLANG_CXX_LANGUAGE_STANDARD = "gnu++14";
				CLANG_CXX_LIBRARY = "libc++";
				CLANG_ENABLE_MODULES = YES;
				CLANG_ENABLE_OBJC_ARC = YES;
				CLANG_ENABLE_OBJC_WEAK = YES;
				CLANG_WARN_BLOCK_CAPTURE_AUTORELEASING = YES;
				CLANG_WARN_BOOL_CONVERSION = YES;
				CLANG_WARN_COMMA = YES;
				CLANG_WARN_CONSTANT_CONVERSION = YES;
				CLANG_WARN_DEPRECATED_OBJC_IMPLEMENTATIONS = YES;
				CLANG_WARN_DIRECT_OBJC_ISA_USAGE = YES_ERROR;
				CLANG_WARN_DOCUMENTATION_COMMENTS = YES;
				CLANG_WARN_EMPTY_BODY = YES;
				CLANG_WARN_ENUM_CONVERSION = YES;
				CLANG_WARN_INFINITE_RECURSION = YES;
				CLANG_WARN_INT_CONVERSION = YES;
				CLANG_WARN_NON_LITERAL_NULL_CONVERSION = YES;
				CLANG_WARN_OBJC_IMPLICIT_RETAIN_SELF = YES;
				CLANG_WARN_OBJC_LITERAL_CONVERSION = YES;
				CLANG_WARN_OBJC_ROOT_CLASS = YES_ERROR;
				CLANG_WARN_RANGE_LOOP_ANALYSIS = YES;
				CLANG_WARN_STRICT_PROTOTYPES = YES;
				CLANG_WARN_SUSPICIOUS_MOVE = YES;
				CLANG_WARN_UNGUARDED_AVAILABILITY = YES_AGGRESSIVE;
				CLANG_WARN_UNREACHABLE_CODE = YES;
				CLANG_WARN__DUPLICATE_METHOD_MATCH = YES;
				CODE_SIGN_IDENTITY = "iPhone Developer";
				COPY_PHASE_STRIP = NO;
				DEBUG_INFORMATION_FORMAT = dwarf;
				ENABLE_STRICT_OBJC_MSGSEND = YES;
				ENABLE_TESTABILITY = YES;
				GCC_C_LANGUAGE_STANDARD = gnu11;
				GCC_DYNAMIC_NO_PIC = NO;
				GCC_NO_COMMON_BLOCKS = YES;
				GCC_OPTIMIZATION_LEVEL = 0;
				GCC_PREPROCESSOR_DEFINITIONS = (
					"DEBUG=1",
					"$(inherited)",
				);
				GCC_WARN_64_TO_32_BIT_CONVERSION = YES;
				GCC_WARN_ABOUT_RETURN_TYPE = YES_ERROR;
				GCC_WARN_UNDECLARED_SELECTOR = YES;
				GCC_WARN_UNINITIALIZED_AUTOS = YES_AGGRESSIVE;
				GCC_WARN_UNUSED_FUNCTION = YES;
				GCC_WARN_UNUSED_VARIABLE = YES;
				IPHONEOS_DEPLOYMENT_TARGET = 12.0;
				MTL_ENABLE_DEBUG_INFO = INCLUDE_SOURCE;
				MTL_FAST_MATH = YES;
				ONLY_ACTIVE_ARCH = YES;
				SDKROOT = iphoneos;
				SWIFT_ACTIVE_COMPILATION_CONDITIONS = DEBUG;
				SWIFT_OPTIMIZATION_LEVEL = "-Onone";
			};
			name = Debug;
		};
		E05B2C8F21A9778C0017D8B4 /* Release */ = {
			isa = XCBuildConfiguration;
			buildSettings = {
				ALWAYS_SEARCH_USER_PATHS = NO;
				CLANG_ANALYZER_NONNULL = YES;
				CLANG_ANALYZER_NUMBER_OBJECT_CONVERSION = YES_AGGRESSIVE;
				CLANG_CXX_LANGUAGE_STANDARD = "gnu++14";
				CLANG_CXX_LIBRARY = "libc++";
				CLANG_ENABLE_MODULES = YES;
				CLANG_ENABLE_OBJC_ARC = YES;
				CLANG_ENABLE_OBJC_WEAK = YES;
				CLANG_WARN_BLOCK_CAPTURE_AUTORELEASING = YES;
				CLANG_WARN_BOOL_CONVERSION = YES;
				CLANG_WARN_COMMA = YES;
				CLANG_WARN_CONSTANT_CONVERSION = YES;
				CLANG_WARN_DEPRECATED_OBJC_IMPLEMENTATIONS = YES;
				CLANG_WARN_DIRECT_OBJC_ISA_USAGE = YES_ERROR;
				CLANG_WARN_DOCUMENTATION_COMMENTS = YES;
				CLANG_WARN_EMPTY_BODY = YES;
				CLANG_WARN_ENUM_CONVERSION = YES;
				CLANG_WARN_INFINITE_RECURSION = YES;
				CLANG_WARN_INT_CONVERSION = YES;
				CLANG_WARN_NON_LITERAL_NULL_CONVERSION = YES;
				CLANG_WARN_OBJC_IMPLICIT_RETAIN_SELF = YES;
				CLANG_WARN_OBJC_LITERAL_CONVERSION = YES;
				CLANG_WARN_OBJC_ROOT_CLASS = YES_ERROR;
				CLANG_WARN_RANGE_LOOP_ANALYSIS = YES;
				CLANG_WARN_STRICT_PROTOTYPES = YES;
				CLANG_WARN_SUSPICIOUS_MOVE = YES;
				CLANG_WARN_UNGUARDED_AVAILABILITY = YES_AGGRESSIVE;
				CLANG_WARN_UNREACHABLE_CODE = YES;
				CLANG_WARN__DUPLICATE_METHOD_MATCH = YES;
				CODE_SIGN_IDENTITY = "iPhone Developer";
				COPY_PHASE_STRIP = NO;
				DEBUG_INFORMATION_FORMAT = "dwarf-with-dsym";
				ENABLE_NS_ASSERTIONS = NO;
				ENABLE_STRICT_OBJC_MSGSEND = YES;
				GCC_C_LANGUAGE_STANDARD = gnu11;
				GCC_NO_COMMON_BLOCKS = YES;
				GCC_WARN_64_TO_32_BIT_CONVERSION = YES;
				GCC_WARN_ABOUT_RETURN_TYPE = YES_ERROR;
				GCC_WARN_UNDECLARED_SELECTOR = YES;
				GCC_WARN_UNINITIALIZED_AUTOS = YES_AGGRESSIVE;
				GCC_WARN_UNUSED_FUNCTION = YES;
				GCC_WARN_UNUSED_VARIABLE = YES;
				IPHONEOS_DEPLOYMENT_TARGET = 12.0;
				MTL_ENABLE_DEBUG_INFO = NO;
				MTL_FAST_MATH = YES;
				SDKROOT = iphoneos;
				SWIFT_COMPILATION_MODE = wholemodule;
				SWIFT_OPTIMIZATION_LEVEL = "-O";
				VALIDATE_PRODUCT = YES;
			};
			name = Release;
		};
		E05B2C9121A9778C0017D8B4 /* Debug */ = {
			isa = XCBuildConfiguration;
			baseConfigurationReference = 31BDE4611D714BC4E04C5968 /* Pods-iDiet.debug.xcconfig */;
			buildSettings = {
				ASSETCATALOG_COMPILER_APPICON_NAME = AppIcon;
				CODE_SIGN_STYLE = Automatic;
				DEVELOPMENT_TEAM = 9J23G5958U;
				INFOPLIST_FILE = iDiet/Info.plist;
				LD_RUNPATH_SEARCH_PATHS = (
					"$(inherited)",
					"@executable_path/Frameworks",
				);
				PRODUCT_BUNDLE_IDENTIFIER = com.DietBrain.iDiet;
				PRODUCT_NAME = "$(TARGET_NAME)";
				SWIFT_VERSION = 4.2;
				TARGETED_DEVICE_FAMILY = "1,2";
			};
			name = Debug;
		};
		E05B2C9221A9778C0017D8B4 /* Release */ = {
			isa = XCBuildConfiguration;
			baseConfigurationReference = FC544FED9E170D085844BBD8 /* Pods-iDiet.release.xcconfig */;
			buildSettings = {
				ASSETCATALOG_COMPILER_APPICON_NAME = AppIcon;
				CODE_SIGN_STYLE = Automatic;
				DEVELOPMENT_TEAM = 9J23G5958U;
				INFOPLIST_FILE = iDiet/Info.plist;
				LD_RUNPATH_SEARCH_PATHS = (
					"$(inherited)",
					"@executable_path/Frameworks",
				);
				PRODUCT_BUNDLE_IDENTIFIER = com.DietBrain.iDiet;
				PRODUCT_NAME = "$(TARGET_NAME)";
				SWIFT_VERSION = 4.2;
				TARGETED_DEVICE_FAMILY = "1,2";
			};
			name = Release;
		};
		E05B2C9421A9778C0017D8B4 /* Debug */ = {
			isa = XCBuildConfiguration;
			baseConfigurationReference = 3E2756B7FA8CE3E2A5354C93 /* Pods-iDietTests.debug.xcconfig */;
			buildSettings = {
				ALWAYS_EMBED_SWIFT_STANDARD_LIBRARIES = YES;
				BUNDLE_LOADER = "$(TEST_HOST)";
				CODE_SIGN_STYLE = Automatic;
				DEVELOPMENT_TEAM = 9J23G5958U;
				INFOPLIST_FILE = iDietTests/Info.plist;
				LD_RUNPATH_SEARCH_PATHS = (
					"$(inherited)",
					"@executable_path/Frameworks",
					"@loader_path/Frameworks",
				);
				PRODUCT_BUNDLE_IDENTIFIER = com.DietBrain.iDietTests;
				PRODUCT_NAME = "$(TARGET_NAME)";
				SWIFT_VERSION = 4.2;
				TARGETED_DEVICE_FAMILY = "1,2";
				TEST_HOST = "$(BUILT_PRODUCTS_DIR)/iDiet.app/iDiet";
			};
			name = Debug;
		};
		E05B2C9521A9778C0017D8B4 /* Release */ = {
			isa = XCBuildConfiguration;
			baseConfigurationReference = 5AC6C74603F3D96144E69A70 /* Pods-iDietTests.release.xcconfig */;
			buildSettings = {
				ALWAYS_EMBED_SWIFT_STANDARD_LIBRARIES = YES;
				BUNDLE_LOADER = "$(TEST_HOST)";
				CODE_SIGN_STYLE = Automatic;
				DEVELOPMENT_TEAM = 9J23G5958U;
				INFOPLIST_FILE = iDietTests/Info.plist;
				LD_RUNPATH_SEARCH_PATHS = (
					"$(inherited)",
					"@executable_path/Frameworks",
					"@loader_path/Frameworks",
				);
				PRODUCT_BUNDLE_IDENTIFIER = com.DietBrain.iDietTests;
				PRODUCT_NAME = "$(TARGET_NAME)";
				SWIFT_VERSION = 4.2;
				TARGETED_DEVICE_FAMILY = "1,2";
				TEST_HOST = "$(BUILT_PRODUCTS_DIR)/iDiet.app/iDiet";
			};
			name = Release;
		};
		E05B2C9721A9778C0017D8B4 /* Debug */ = {
			isa = XCBuildConfiguration;
			baseConfigurationReference = 644DF95E23F4D546FC610AEB /* Pods-iDietUITests.debug.xcconfig */;
			buildSettings = {
				ALWAYS_EMBED_SWIFT_STANDARD_LIBRARIES = YES;
				CODE_SIGN_STYLE = Automatic;
				DEVELOPMENT_TEAM = 9J23G5958U;
				INFOPLIST_FILE = iDietUITests/Info.plist;
				LD_RUNPATH_SEARCH_PATHS = (
					"$(inherited)",
					"@executable_path/Frameworks",
					"@loader_path/Frameworks",
				);
				PRODUCT_BUNDLE_IDENTIFIER = com.DietBrain.iDietUITests;
				PRODUCT_NAME = "$(TARGET_NAME)";
				SWIFT_VERSION = 4.2;
				TARGETED_DEVICE_FAMILY = "1,2";
				TEST_TARGET_NAME = iDiet;
			};
			name = Debug;
		};
		E05B2C9821A9778C0017D8B4 /* Release */ = {
			isa = XCBuildConfiguration;
			baseConfigurationReference = 939C87874E50CE89C6C7D9DA /* Pods-iDietUITests.release.xcconfig */;
			buildSettings = {
				ALWAYS_EMBED_SWIFT_STANDARD_LIBRARIES = YES;
				CODE_SIGN_STYLE = Automatic;
				DEVELOPMENT_TEAM = 9J23G5958U;
				INFOPLIST_FILE = iDietUITests/Info.plist;
				LD_RUNPATH_SEARCH_PATHS = (
					"$(inherited)",
					"@executable_path/Frameworks",
					"@loader_path/Frameworks",
				);
				PRODUCT_BUNDLE_IDENTIFIER = com.DietBrain.iDietUITests;
				PRODUCT_NAME = "$(TARGET_NAME)";
				SWIFT_VERSION = 4.2;
				TARGETED_DEVICE_FAMILY = "1,2";
				TEST_TARGET_NAME = iDiet;
			};
			name = Release;
		};
/* End XCBuildConfiguration section */

/* Begin XCConfigurationList section */
		E05B2C6321A9778B0017D8B4 /* Build configuration list for PBXProject "iDiet" */ = {
			isa = XCConfigurationList;
			buildConfigurations = (
				E05B2C8E21A9778C0017D8B4 /* Debug */,
				E05B2C8F21A9778C0017D8B4 /* Release */,
			);
			defaultConfigurationIsVisible = 0;
			defaultConfigurationName = Release;
		};
		E05B2C9021A9778C0017D8B4 /* Build configuration list for PBXNativeTarget "iDiet" */ = {
			isa = XCConfigurationList;
			buildConfigurations = (
				E05B2C9121A9778C0017D8B4 /* Debug */,
				E05B2C9221A9778C0017D8B4 /* Release */,
			);
			defaultConfigurationIsVisible = 0;
			defaultConfigurationName = Release;
		};
		E05B2C9321A9778C0017D8B4 /* Build configuration list for PBXNativeTarget "iDietTests" */ = {
			isa = XCConfigurationList;
			buildConfigurations = (
				E05B2C9421A9778C0017D8B4 /* Debug */,
				E05B2C9521A9778C0017D8B4 /* Release */,
			);
			defaultConfigurationIsVisible = 0;
			defaultConfigurationName = Release;
		};
		E05B2C9621A9778C0017D8B4 /* Build configuration list for PBXNativeTarget "iDietUITests" */ = {
			isa = XCConfigurationList;
			buildConfigurations = (
				E05B2C9721A9778C0017D8B4 /* Debug */,
				E05B2C9821A9778C0017D8B4 /* Release */,
			);
			defaultConfigurationIsVisible = 0;
			defaultConfigurationName = Release;
		};
/* End XCConfigurationList section */
	};
	rootObject = E05B2C6021A9778B0017D8B4 /* Project object */;
}
